// !$*UTF8*$!
{
	archiveVersion = 1;
	classes = {
	};
	objectVersion = 48;
	objects = {

/* Begin PBXBuildFile section */
		6B722D3222A7071400097DA4 /* main.cpp in Sources */ = {isa = PBXBuildFile; fileRef = 6B722D3122A7071400097DA4 /* main.cpp */; };
		6B722D4222A7078200097DA4 /* devices.cpp in Sources */ = {isa = PBXBuildFile; fileRef = 6B722D3B22A7078100097DA4 /* devices.cpp */; };
		6B722D4322A7078200097DA4 /* events.cpp in Sources */ = {isa = PBXBuildFile; fileRef = 6B722D3D22A7078200097DA4 /* events.cpp */; };
		6B722D4522A7078200097DA4 /* system_utilities.cpp in Sources */ = {isa = PBXBuildFile; fileRef = 6B722D4122A7078200097DA4 /* system_utilities.cpp */; };
/* End PBXBuildFile section */

/* Begin PBXCopyFilesBuildPhase section */
		6B722D2C22A7071400097DA4 /* CopyFiles */ = {
			isa = PBXCopyFilesBuildPhase;
			buildActionMask = 2147483647;
			dstPath = /usr/share/man/man1/;
			dstSubfolderSpec = 0;
			files = (
			);
			runOnlyForDeploymentPostprocessing = 1;
		};
/* End PBXCopyFilesBuildPhase section */

/* Begin PBXFileReference section */
		6B722D2E22A7071400097DA4 /* Assignment 8 */ = {isa = PBXFileReference; explicitFileType = "compiled.mach-o.executable"; includeInIndex = 0; path = "Assignment 8"; sourceTree = BUILT_PRODUCTS_DIR; };
		6B722D3122A7071400097DA4 /* main.cpp */ = {isa = PBXFileReference; lastKnownFileType = sourcecode.cpp.cpp; path = main.cpp; sourceTree = "<group>"; };
		6B722D3822A7078100097DA4 /* p8input.txt */ = {isa = PBXFileReference; fileEncoding = 4; lastKnownFileType = text; path = p8input.txt; sourceTree = "<group>"; };
		6B722D3922A7078100097DA4 /* system_utilities.h */ = {isa = PBXFileReference; fileEncoding = 4; lastKnownFileType = sourcecode.c.h; path = system_utilities.h; sourceTree = "<group>"; };
		6B722D3A22A7078100097DA4 /* definitions.h */ = {isa = PBXFileReference; fileEncoding = 4; lastKnownFileType = sourcecode.c.h; path = definitions.h; sourceTree = "<group>"; };
		6B722D3B22A7078100097DA4 /* devices.cpp */ = {isa = PBXFileReference; fileEncoding = 4; lastKnownFileType = sourcecode.cpp.cpp; path = devices.cpp; sourceTree = "<group>"; };
		6B722D3C22A7078200097DA4 /* events.h */ = {isa = PBXFileReference; fileEncoding = 4; lastKnownFileType = sourcecode.c.h; path = events.h; sourceTree = "<group>"; };
		6B722D3D22A7078200097DA4 /* events.cpp */ = {isa = PBXFileReference; fileEncoding = 4; lastKnownFileType = sourcecode.cpp.cpp; path = events.cpp; sourceTree = "<group>"; };
		6B722D3E22A7078200097DA4 /* devices.h */ = {isa = PBXFileReference; fileEncoding = 4; lastKnownFileType = sourcecode.c.h; path = devices.h; sourceTree = "<group>"; };
		6B722D3F22A7078200097DA4 /* p8output-updated.txt */ = {isa = PBXFileReference; fileEncoding = 4; lastKnownFileType = text; path = "p8output-updated.txt"; sourceTree = "<group>"; };
		6B722D4122A7078200097DA4 /* system_utilities.cpp */ = {isa = PBXFileReference; fileEncoding = 4; lastKnownFileType = sourcecode.cpp.cpp; path = system_utilities.cpp; sourceTree = "<group>"; };
/* End PBXFileReference section */

/* Begin PBXFrameworksBuildPhase section */
		6B722D2B22A7071400097DA4 /* Frameworks */ = {
			isa = PBXFrameworksBuildPhase;
			buildActionMask = 2147483647;
			files = (
			);
			runOnlyForDeploymentPostprocessing = 0;
		};
/* End PBXFrameworksBuildPhase section */

/* Begin PBXGroup section */
		6B722D2522A7071300097DA4 = {
			isa = PBXGroup;
			children = (
				6B722D3022A7071400097DA4 /* Assignment 8 */,
				6B722D2F22A7071400097DA4 /* Products */,
			);
			sourceTree = "<group>";
		};
		6B722D2F22A7071400097DA4 /* Products */ = {
			isa = PBXGroup;
			children = (
				6B722D2E22A7071400097DA4 /* Assignment 8 */,
			);
			name = Products;
			sourceTree = "<group>";
		};
		6B722D3022A7071400097DA4 /* Assignment 8 */ = {
			isa = PBXGroup;
			children = (
				6B722D3A22A7078100097DA4 /* definitions.h */,
				6B722D3B22A7078100097DA4 /* devices.cpp */,
				6B722D3E22A7078200097DA4 /* devices.h */,
				6B722D3D22A7078200097DA4 /* events.cpp */,
				6B722D3C22A7078200097DA4 /* events.h */,
				6B722D3822A7078100097DA4 /* p8input.txt */,
				6B722D3F22A7078200097DA4 /* p8output-updated.txt */,
				6B722D4122A7078200097DA4 /* system_utilities.cpp */,
				6B722D3922A7078100097DA4 /* system_utilities.h */,
				6B722D3122A7071400097DA4 /* main.cpp */,
			);
			path = "Assignment 8";
			sourceTree = "<group>";
		};
/* End PBXGroup section */

/* Begin PBXNativeTarget section */
		6B722D2D22A7071400097DA4 /* Assignment 8 */ = {
			isa = PBXNativeTarget;
			buildConfigurationList = 6B722D3522A7071400097DA4 /* Build configuration list for PBXNativeTarget "Assignment 8" */;
			buildPhases = (
				6B722D2A22A7071400097DA4 /* Sources */,
				6B722D2B22A7071400097DA4 /* Frameworks */,
				6B722D2C22A7071400097DA4 /* CopyFiles */,
			);
			buildRules = (
			);
			dependencies = (
			);
			name = "Assignment 8";
			productName = "Assignment 8";
			productReference = 6B722D2E22A7071400097DA4 /* Assignment 8 */;
			productType = "com.apple.product-type.tool";
		};
/* End PBXNativeTarget section */

/* Begin PBXProject section */
		6B722D2622A7071300097DA4 /* Project object */ = {
			isa = PBXProject;
			attributes = {
				LastUpgradeCheck = 0920;
				ORGANIZATIONNAME = "Cristina Barclay";
				TargetAttributes = {
					6B722D2D22A7071400097DA4 = {
						CreatedOnToolsVersion = 9.2;
						ProvisioningStyle = Automatic;
					};
				};
			};
			buildConfigurationList = 6B722D2922A7071300097DA4 /* Build configuration list for PBXProject "Assignment 8" */;
			compatibilityVersion = "Xcode 8.0";
			developmentRegion = en;
			hasScannedForEncodings = 0;
			knownRegions = (
				en,
			);
			mainGroup = 6B722D2522A7071300097DA4;
			productRefGroup = 6B722D2F22A7071400097DA4 /* Products */;
			projectDirPath = "";
			projectRoot = "";
			targets = (
				6B722D2D22A7071400097DA4 /* Assignment 8 */,
			);
		};
/* End PBXProject section */

/* Begin PBXSourcesBuildPhase section */
		6B722D2A22A7071400097DA4 /* Sources */ = {
			isa = PBXSourcesBuildPhase;
			buildActionMask = 2147483647;
			files = (
				6B722D4322A7078200097DA4 /* events.cpp in Sources */,
				6B722D3222A7071400097DA4 /* main.cpp in Sources */,
				6B722D4222A7078200097DA4 /* devices.cpp in Sources */,
				6B722D4522A7078200097DA4 /* system_utilities.cpp in Sources */,
			);
			runOnlyForDeploymentPostprocessing = 0;
		};
/* End PBXSourcesBuildPhase section */

/* Begin XCBuildConfiguration section */
		6B722D3322A7071400097DA4 /* Debug */ = {
			isa = XCBuildConfiguration;
			buildSettings = {
				ALWAYS_SEARCH_USER_PATHS = NO;
				CLANG_ANALYZER_NONNULL = YES;
				CLANG_ANALYZER_NUMBER_OBJECT_CONVERSION = YES_AGGRESSIVE;
				CLANG_CXX_LANGUAGE_STANDARD = "gnu++14";
				CLANG_CXX_LIBRARY = "libc++";
				CLANG_ENABLE_MODULES = YES;
				CLANG_ENABLE_OBJC_ARC = YES;
				CLANG_WARN_BLOCK_CAPTURE_AUTORELEASING = YES;
				CLANG_WARN_BOOL_CONVERSION = YES;
				CLANG_WARN_COMMA = YES;
				CLANG_WARN_CONSTANT_CONVERSION = YES;
				CLANG_WARN_DIRECT_OBJC_ISA_USAGE = YES_ERROR;
				CLANG_WARN_DOCUMENTATION_COMMENTS = YES;
				CLANG_WARN_EMPTY_BODY = YES;
				CLANG_WARN_ENUM_CONVERSION = YES;
				CLANG_WARN_INFINITE_RECURSION = YES;
				CLANG_WARN_INT_CONVERSION = YES;
				CLANG_WARN_NON_LITERAL_NULL_CONVERSION = YES;
				CLANG_WARN_OBJC_LITERAL_CONVERSION = YES;
				CLANG_WARN_OBJC_ROOT_CLASS = YES_ERROR;
				CLANG_WARN_RANGE_LOOP_ANALYSIS = YES;
				CLANG_WARN_STRICT_PROTOTYPES = YES;
				CLANG_WARN_SUSPICIOUS_MOVE = YES;
				CLANG_WARN_UNGUARDED_AVAILABILITY = YES_AGGRESSIVE;
				CLANG_WARN_UNREACHABLE_CODE = YES;
				CLANG_WARN__DUPLICATE_METHOD_MATCH = YES;
				CODE_SIGN_IDENTITY = "-";
				COPY_PHASE_STRIP = NO;
				DEBUG_INFORMATION_FORMAT = dwarf;
				ENABLE_STRICT_OBJC_MSGSEND = YES;
				ENABLE_TESTABILITY = YES;
				GCC_C_LANGUAGE_STANDARD = gnu11;
				GCC_DYNAMIC_NO_PIC = NO;
				GCC_NO_COMMON_BLOCKS = YES;
				GCC_OPTIMIZATION_LEVEL = 0;
				GCC_PREPROCESSOR_DEFINITIONS = (
					"DEBUG=1",
					"$(inherited)",
				);
				GCC_WARN_64_TO_32_BIT_CONVERSION = YES;
				GCC_WARN_ABOUT_RETURN_TYPE = YES_ERROR;
				GCC_WARN_UNDECLARED_SELECTOR = YES;
				GCC_WARN_UNINITIALIZED_AUTOS = YES_AGGRESSIVE;
				GCC_WARN_UNUSED_FUNCTION = YES;
				GCC_WARN_UNUSED_VARIABLE = YES;
				MACOSX_DEPLOYMENT_TARGET = 10.12;
				MTL_ENABLE_DEBUG_INFO = YES;
				ONLY_ACTIVE_ARCH = YES;
				SDKROOT = macosx;
			};
			name = Debug;
		};
		6B722D3422A7071400097DA4 /* Release */ = {
			isa = XCBuildConfiguration;
			buildSettings = {
				ALWAYS_SEARCH_USER_PATHS = NO;
				CLANG_ANALYZER_NONNULL = YES;
				CLANG_ANALYZER_NUMBER_OBJECT_CONVERSION = YES_AGGRESSIVE;
				CLANG_CXX_LANGUAGE_STANDARD = "gnu++14";
				CLANG_CXX_LIBRARY = "libc++";
				CLANG_ENABLE_MODULES = YES;
				CLANG_ENABLE_OBJC_ARC = YES;
				CLANG_WARN_BLOCK_CAPTURE_AUTORELEASING = YES;
				CLANG_WARN_BOOL_CONVERSION = YES;
				CLANG_WARN_COMMA = YES;
				CLANG_WARN_CONSTANT_CONVERSION = YES;
				CLANG_WARN_DIRECT_OBJC_ISA_USAGE = YES_ERROR;
				CLANG_WARN_DOCUMENTATION_COMMENTS = YES;
				CLANG_WARN_EMPTY_BODY = YES;
				CLANG_WARN_ENUM_CONVERSION = YES;
				CLANG_WARN_INFINITE_RECURSION = YES;
				CLANG_WARN_INT_CONVERSION = YES;
				CLANG_WARN_NON_LITERAL_NULL_CONVERSION = YES;
				CLANG_WARN_OBJC_LITERAL_CONVERSION = YES;
				CLANG_WARN_OBJC_ROOT_CLASS = YES_ERROR;
				CLANG_WARN_RANGE_LOOP_ANALYSIS = YES;
				CLANG_WARN_STRICT_PROTOTYPES = YES;
				CLANG_WARN_SUSPICIOUS_MOVE = YES;
				CLANG_WARN_UNGUARDED_AVAILABILITY = YES_AGGRESSIVE;
				CLANG_WARN_UNREACHABLE_CODE = YES;
				CLANG_WARN__DUPLICATE_METHOD_MATCH = YES;
				CODE_SIGN_IDENTITY = "-";
				COPY_PHASE_STRIP = NO;
				DEBUG_INFORMATION_FORMAT = "dwarf-with-dsym";
				ENABLE_NS_ASSERTIONS = NO;
				ENABLE_STRICT_OBJC_MSGSEND = YES;
				GCC_C_LANGUAGE_STANDARD = gnu11;
				GCC_NO_COMMON_BLOCKS = YES;
				GCC_WARN_64_TO_32_BIT_CONVERSION = YES;
				GCC_WARN_ABOUT_RETURN_TYPE = YES_ERROR;
				GCC_WARN_UNDECLARED_SELECTOR = YES;
				GCC_WARN_UNINITIALIZED_AUTOS = YES_AGGRESSIVE;
				GCC_WARN_UNUSED_FUNCTION = YES;
				GCC_WARN_UNUSED_VARIABLE = YES;
				MACOSX_DEPLOYMENT_TARGET = 10.12;
				MTL_ENABLE_DEBUG_INFO = NO;
				SDKROOT = macosx;
			};
			name = Release;
		};
		6B722D3622A7071400097DA4 /* Debug */ = {
			isa = XCBuildConfiguration;
			buildSettings = {
				CODE_SIGN_STYLE = Automatic;
				PRODUCT_NAME = "$(TARGET_NAME)";
			};
			name = Debug;
		};
		6B722D3722A7071400097DA4 /* Release */ = {
			isa = XCBuildConfiguration;
			buildSettings = {
				CODE_SIGN_STYLE = Automatic;
				PRODUCT_NAME = "$(TARGET_NAME)";
			};
			name = Release;
		};
/* End XCBuildConfiguration section */

/* Begin XCConfigurationList section */
		6B722D2922A7071300097DA4 /* Build configuration list for PBXProject "Assignment 8" */ = {
			isa = XCConfigurationList;
			buildConfigurations = (
				6B722D3322A7071400097DA4 /* Debug */,
				6B722D3422A7071400097DA4 /* Release */,
			);
			defaultConfigurationIsVisible = 0;
			defaultConfigurationName = Release;
		};
		6B722D3522A7071400097DA4 /* Build configuration list for PBXNativeTarget "Assignment 8" */ = {
			isa = XCConfigurationList;
			buildConfigurations = (
				6B722D3622A7071400097DA4 /* Debug */,
				6B722D3722A7071400097DA4 /* Release */,
			);
			defaultConfigurationIsVisible = 0;
			defaultConfigurationName = Release;
		};
/* End XCConfigurationList section */
	};
	rootObject = 6B722D2622A7071300097DA4 /* Project object */;
}
